PODS:
  - Ottu (1.0.60)

DEPENDENCIES:
  - Ottu (from `https://github.com/ottuco/ottu-ios-sdk.git`, tag `1.0.60`)

EXTERNAL SOURCES:
  Ottu:
    :git: https://github.com/ottuco/ottu-ios-sdk.git
    :tag: 1.0.60

CHECKOUT OPTIONS:
  Ottu:
    :git: https://github.com/ottuco/ottu-ios-sdk.git
    :tag: 1.0.60

SPEC CHECKSUMS:
  Ottu: 01e81ee6b8b30728e609f16b0dacc15da721727c

PODFILE CHECKSUM: 5a3a446e9b7e5c3f5fee037729f048a34c330634

COCOAPODS: 1.12.1
