PODS:
  - Ottu (1.0.31)

DEPENDENCIES:
  - Ottu (from `https://github.com/ottuco/ottu-ios-sdk.git`, tag `1.0.31`)

EXTERNAL SOURCES:
  Ottu:
    :git: https://github.com/ottuco/ottu-ios-sdk.git
    :tag: 1.0.31

CHECKOUT OPTIONS:
  Ottu:
    :git: https://github.com/ottuco/ottu-ios-sdk.git
    :tag: 1.0.31

SPEC CHECKSUMS:
  Ottu: 158bc16a2187a25868a5c4ec3d042aebe732f927

PODFILE CHECKSUM: c3bc2fa704851e57f78d18b966b65ebe1a0653c4

COCOAPODS: 1.11.2
