PODS:
  - ApplePayButton (1.0.3)
  - Ottu (1.0.84):
    - ApplePayButton

DEPENDENCIES:
  - ApplePayButton (from `https://github.com/Maninder1991/ApplePayButton.git`, tag `1.0.3`)
  - Ottu (from `https://github.com/ottuco/ottu-ios-sdk.git`, tag `1.0.84`)

EXTERNAL SOURCES:
  ApplePayButton:
    :git: https://github.com/Maninder1991/ApplePayButton.git
    :tag: 1.0.3
  Ottu:
    :git: https://github.com/ottuco/ottu-ios-sdk.git
    :tag: 1.0.84

CHECKOUT OPTIONS:
  ApplePayButton:
    :git: https://github.com/Maninder1991/ApplePayButton.git
    :tag: 1.0.3
  Ottu:
    :git: https://github.com/ottuco/ottu-ios-sdk.git
    :tag: 1.0.84

SPEC CHECKSUMS:
  ApplePayButton: e4f076c0b42f5f87fb08cef2728468f45bb9aa28
  Ottu: 9b022f2a4ef4b9af5392f9ae9f5718b4e9e09107

PODFILE CHECKSUM: 28efc7f5a985c50f99d4c0c4e4f66a87bacf4b39

COCOAPODS: 1.13.0
